// !$*UTF8*$!
{
	archiveVersion = 1;
	classes = {
	};
	objectVersion = 56;
	objects = {

/* Begin PBXBuildFile section */
		4C13A30B293B979F00AEE561 /* LensVrumApp.swift in Sources */ = {isa = PBXBuildFile; fileRef = 4C13A30A293B979F00AEE561 /* LensVrumApp.swift */; };
		4C13A30D293B979F00AEE561 /* ContentView.swift in Sources */ = {isa = PBXBuildFile; fileRef = 4C13A30C293B979F00AEE561 /* ContentView.swift */; };
		4C13A30F293B97A100AEE561 /* Assets.xcassets in Resources */ = {isa = PBXBuildFile; fileRef = 4C13A30E293B97A100AEE561 /* Assets.xcassets */; };
		4C13A312293B97A100AEE561 /* Preview Assets.xcassets in Resources */ = {isa = PBXBuildFile; fileRef = 4C13A311293B97A100AEE561 /* Preview Assets.xcassets */; };
		4C13A31B293B98E900AEE561 /* Home.swift in Sources */ = {isa = PBXBuildFile; fileRef = 4C13A31A293B98E900AEE561 /* Home.swift */; };
		4C13A31D293BB7CE00AEE561 /* TabButton.swift in Sources */ = {isa = PBXBuildFile; fileRef = 4C13A31C293BB7CE00AEE561 /* TabButton.swift */; };
		4C13A321293BBB0700AEE561 /* Item.swift in Sources */ = {isa = PBXBuildFile; fileRef = 4C13A320293BBB0700AEE561 /* Item.swift */; };
		4C13A325293BBF0700AEE561 /* CardView.swift in Sources */ = {isa = PBXBuildFile; fileRef = 4C13A324293BBF0700AEE561 /* CardView.swift */; };
		4C13A327293BC4D400AEE561 /* Details.swift in Sources */ = {isa = PBXBuildFile; fileRef = 4C13A326293BC4D400AEE561 /* Details.swift */; };
		4C13A329293BD3D900AEE561 /* CustomShape.swift in Sources */ = {isa = PBXBuildFile; fileRef = 4C13A328293BD3D900AEE561 /* CustomShape.swift */; };
		4CAC7F51293C6F4D00B3A75E /* glasses.usdz in Resources */ = {isa = PBXBuildFile; fileRef = 4CAC7F50293C6F4D00B3A75E /* glasses.usdz */; };
/* End PBXBuildFile section */

/* Begin PBXFileReference section */
		4C13A307293B979F00AEE561 /* LensVrum.app */ = {isa = PBXFileReference; explicitFileType = wrapper.application; includeInIndex = 0; path = LensVrum.app; sourceTree = BUILT_PRODUCTS_DIR; };
		4C13A30A293B979F00AEE561 /* LensVrumApp.swift */ = {isa = PBXFileReference; lastKnownFileType = sourcecode.swift; path = LensVrumApp.swift; sourceTree = "<group>"; };
		4C13A30C293B979F00AEE561 /* ContentView.swift */ = {isa = PBXFileReference; lastKnownFileType = sourcecode.swift; path = ContentView.swift; sourceTree = "<group>"; };
		4C13A30E293B97A100AEE561 /* Assets.xcassets */ = {isa = PBXFileReference; lastKnownFileType = folder.assetcatalog; path = Assets.xcassets; sourceTree = "<group>"; };
		4C13A311293B97A100AEE561 /* Preview Assets.xcassets */ = {isa = PBXFileReference; lastKnownFileType = folder.assetcatalog; path = "Preview Assets.xcassets"; sourceTree = "<group>"; };
		4C13A31A293B98E900AEE561 /* Home.swift */ = {isa = PBXFileReference; lastKnownFileType = sourcecode.swift; path = Home.swift; sourceTree = "<group>"; };
		4C13A31C293BB7CE00AEE561 /* TabButton.swift */ = {isa = PBXFileReference; lastKnownFileType = sourcecode.swift; path = TabButton.swift; sourceTree = "<group>"; };
		4C13A320293BBB0700AEE561 /* Item.swift */ = {isa = PBXFileReference; lastKnownFileType = sourcecode.swift; path = Item.swift; sourceTree = "<group>"; };
		4C13A324293BBF0700AEE561 /* CardView.swift */ = {isa = PBXFileReference; lastKnownFileType = sourcecode.swift; path = CardView.swift; sourceTree = "<group>"; };
		4C13A326293BC4D400AEE561 /* Details.swift */ = {isa = PBXFileReference; lastKnownFileType = sourcecode.swift; path = Details.swift; sourceTree = "<group>"; };
		4C13A328293BD3D900AEE561 /* CustomShape.swift */ = {isa = PBXFileReference; lastKnownFileType = sourcecode.swift; path = CustomShape.swift; sourceTree = "<group>"; };
		4CAC7F50293C6F4D00B3A75E /* glasses.usdz */ = {isa = PBXFileReference; lastKnownFileType = file.usdz; path = glasses.usdz; sourceTree = "<group>"; };
/* End PBXFileReference section */

/* Begin PBXFrameworksBuildPhase section */
		4C13A304293B979F00AEE561 /* Frameworks */ = {
			isa = PBXFrameworksBuildPhase;
			buildActionMask = 2147483647;
			files = (
			);
			runOnlyForDeploymentPostprocessing = 0;
		};
/* End PBXFrameworksBuildPhase section */

/* Begin PBXGroup section */
		4C13A2FE293B979F00AEE561 = {
			isa = PBXGroup;
			children = (
				4C13A309293B979F00AEE561 /* LensVrum */,
				4C13A308293B979F00AEE561 /* Products */,
			);
			sourceTree = "<group>";
		};
		4C13A308293B979F00AEE561 /* Products */ = {
			isa = PBXGroup;
			children = (
				4C13A307293B979F00AEE561 /* LensVrum.app */,
			);
			name = Products;
			sourceTree = "<group>";
		};
		4C13A309293B979F00AEE561 /* LensVrum */ = {
			isa = PBXGroup;
			children = (
				4CAC7F52293C6F5F00B3A75E /* Objects */,
				4C13A319293B98D900AEE561 /* Model */,
				4C13A318293B98D300AEE561 /* View */,
				4C13A30A293B979F00AEE561 /* LensVrumApp.swift */,
				4C13A30C293B979F00AEE561 /* ContentView.swift */,
				4C13A30E293B97A100AEE561 /* Assets.xcassets */,
				4C13A310293B97A100AEE561 /* Preview Content */,
			);
			path = LensVrum;
			sourceTree = "<group>";
		};
		4C13A310293B97A100AEE561 /* Preview Content */ = {
			isa = PBXGroup;
			children = (
				4C13A311293B97A100AEE561 /* Preview Assets.xcassets */,
			);
			path = "Preview Content";
			sourceTree = "<group>";
		};
		4C13A318293B98D300AEE561 /* View */ = {
			isa = PBXGroup;
			children = (
				4C13A31A293B98E900AEE561 /* Home.swift */,
				4C13A31C293BB7CE00AEE561 /* TabButton.swift */,
				4C13A324293BBF0700AEE561 /* CardView.swift */,
				4C13A326293BC4D400AEE561 /* Details.swift */,
				4C13A328293BD3D900AEE561 /* CustomShape.swift */,
			);
			path = View;
			sourceTree = "<group>";
		};
		4C13A319293B98D900AEE561 /* Model */ = {
			isa = PBXGroup;
			children = (
				4C13A320293BBB0700AEE561 /* Item.swift */,
			);
			path = Model;
			sourceTree = "<group>";
		};
		4CAC7F52293C6F5F00B3A75E /* Objects */ = {
			isa = PBXGroup;
			children = (
				4CAC7F50293C6F4D00B3A75E /* glasses.usdz */,
			);
			path = Objects;
			sourceTree = "<group>";
		};
/* End PBXGroup section */

/* Begin PBXNativeTarget section */
		4C13A306293B979F00AEE561 /* LensVrum */ = {
			isa = PBXNativeTarget;
			buildConfigurationList = 4C13A315293B97A100AEE561 /* Build configuration list for PBXNativeTarget "LensVrum" */;
			buildPhases = (
				4C13A303293B979F00AEE561 /* Sources */,
				4C13A304293B979F00AEE561 /* Frameworks */,
				4C13A305293B979F00AEE561 /* Resources */,
			);
			buildRules = (
			);
			dependencies = (
			);
			name = LensVrum;
			productName = LensVrum;
			productReference = 4C13A307293B979F00AEE561 /* LensVrum.app */;
			productType = "com.apple.product-type.application";
		};
/* End PBXNativeTarget section */

/* Begin PBXProject section */
		4C13A2FF293B979F00AEE561 /* Project object */ = {
			isa = PBXProject;
			attributes = {
				BuildIndependentTargetsInParallel = 1;
				LastSwiftUpdateCheck = 1410;
				LastUpgradeCheck = 1410;
				TargetAttributes = {
					4C13A306293B979F00AEE561 = {
						CreatedOnToolsVersion = 14.1;
					};
				};
			};
			buildConfigurationList = 4C13A302293B979F00AEE561 /* Build configuration list for PBXProject "LensVrum" */;
			compatibilityVersion = "Xcode 14.0";
			developmentRegion = en;
			hasScannedForEncodings = 0;
			knownRegions = (
				en,
				Base,
			);
			mainGroup = 4C13A2FE293B979F00AEE561;
			productRefGroup = 4C13A308293B979F00AEE561 /* Products */;
			projectDirPath = "";
			projectRoot = "";
			targets = (
				4C13A306293B979F00AEE561 /* LensVrum */,
			);
		};
/* End PBXProject section */

/* Begin PBXResourcesBuildPhase section */
		4C13A305293B979F00AEE561 /* Resources */ = {
			isa = PBXResourcesBuildPhase;
			buildActionMask = 2147483647;
			files = (
				4CAC7F51293C6F4D00B3A75E /* glasses.usdz in Resources */,
				4C13A312293B97A100AEE561 /* Preview Assets.xcassets in Resources */,
				4C13A30F293B97A100AEE561 /* Assets.xcassets in Resources */,
			);
			runOnlyForDeploymentPostprocessing = 0;
		};
/* End PBXResourcesBuildPhase section */

/* Begin PBXSourcesBuildPhase section */
		4C13A303293B979F00AEE561 /* Sources */ = {
			isa = PBXSourcesBuildPhase;
			buildActionMask = 2147483647;
			files = (
				4C13A329293BD3D900AEE561 /* CustomShape.swift in Sources */,
				4C13A30D293B979F00AEE561 /* ContentView.swift in Sources */,
				4C13A31D293BB7CE00AEE561 /* TabButton.swift in Sources */,
				4C13A31B293B98E900AEE561 /* Home.swift in Sources */,
				4C13A321293BBB0700AEE561 /* Item.swift in Sources */,
				4C13A325293BBF0700AEE561 /* CardView.swift in Sources */,
				4C13A30B293B979F00AEE561 /* LensVrumApp.swift in Sources */,
				4C13A327293BC4D400AEE561 /* Details.swift in Sources */,
			);
			runOnlyForDeploymentPostprocessing = 0;
		};
/* End PBXSourcesBuildPhase section */

/* Begin XCBuildConfiguration section */
		4C13A313293B97A100AEE561 /* Debug */ = {
			isa = XCBuildConfiguration;
			buildSettings = {
				ALWAYS_SEARCH_USER_PATHS = NO;
				CLANG_ANALYZER_NONNULL = YES;
				CLANG_ANALYZER_NUMBER_OBJECT_CONVERSION = YES_AGGRESSIVE;
				CLANG_CXX_LANGUAGE_STANDARD = "gnu++20";
				CLANG_ENABLE_MODULES = YES;
				CLANG_ENABLE_OBJC_ARC = YES;
				CLANG_ENABLE_OBJC_WEAK = YES;
				CLANG_WARN_BLOCK_CAPTURE_AUTORELEASING = YES;
				CLANG_WARN_BOOL_CONVERSION = YES;
				CLANG_WARN_COMMA = YES;
				CLANG_WARN_CONSTANT_CONVERSION = YES;
				CLANG_WARN_DEPRECATED_OBJC_IMPLEMENTATIONS = YES;
				CLANG_WARN_DIRECT_OBJC_ISA_USAGE = YES_ERROR;
				CLANG_WARN_DOCUMENTATION_COMMENTS = YES;
				CLANG_WARN_EMPTY_BODY = YES;
				CLANG_WARN_ENUM_CONVERSION = YES;
				CLANG_WARN_INFINITE_RECURSION = YES;
				CLANG_WARN_INT_CONVERSION = YES;
				CLANG_WARN_NON_LITERAL_NULL_CONVERSION = YES;
				CLANG_WARN_OBJC_IMPLICIT_RETAIN_SELF = YES;
				CLANG_WARN_OBJC_LITERAL_CONVERSION = YES;
				CLANG_WARN_OBJC_ROOT_CLASS = YES_ERROR;
				CLANG_WARN_QUOTED_INCLUDE_IN_FRAMEWORK_HEADER = YES;
				CLANG_WARN_RANGE_LOOP_ANALYSIS = YES;
				CLANG_WARN_STRICT_PROTOTYPES = YES;
				CLANG_WARN_SUSPICIOUS_MOVE = YES;
				CLANG_WARN_UNGUARDED_AVAILABILITY = YES_AGGRESSIVE;
				CLANG_WARN_UNREACHABLE_CODE = YES;
				CLANG_WARN__DUPLICATE_METHOD_MATCH = YES;
				COPY_PHASE_STRIP = NO;
				DEBUG_INFORMATION_FORMAT = dwarf;
				ENABLE_STRICT_OBJC_MSGSEND = YES;
				ENABLE_TESTABILITY = YES;
				GCC_C_LANGUAGE_STANDARD = gnu11;
				GCC_DYNAMIC_NO_PIC = NO;
				GCC_NO_COMMON_BLOCKS = YES;
				GCC_OPTIMIZATION_LEVEL = 0;
				GCC_PREPROCESSOR_DEFINITIONS = (
					"DEBUG=1",
					"$(inherited)",
				);
				GCC_WARN_64_TO_32_BIT_CONVERSION = YES;
				GCC_WARN_ABOUT_RETURN_TYPE = YES_ERROR;
				GCC_WARN_UNDECLARED_SELECTOR = YES;
				GCC_WARN_UNINITIALIZED_AUTOS = YES_AGGRESSIVE;
				GCC_WARN_UNUSED_FUNCTION = YES;
				GCC_WARN_UNUSED_VARIABLE = YES;
				IPHONEOS_DEPLOYMENT_TARGET = 16.1;
				MTL_ENABLE_DEBUG_INFO = INCLUDE_SOURCE;
				MTL_FAST_MATH = YES;
				ONLY_ACTIVE_ARCH = YES;
				SDKROOT = iphoneos;
				SWIFT_ACTIVE_COMPILATION_CONDITIONS = DEBUG;
				SWIFT_OPTIMIZATION_LEVEL = "-Onone";
			};
			name = Debug;
		};
		4C13A314293B97A100AEE561 /* Release */ = {
			isa = XCBuildConfiguration;
			buildSettings = {
				ALWAYS_SEARCH_USER_PATHS = NO;
				CLANG_ANALYZER_NONNULL = YES;
				CLANG_ANALYZER_NUMBER_OBJECT_CONVERSION = YES_AGGRESSIVE;
				CLANG_CXX_LANGUAGE_STANDARD = "gnu++20";
				CLANG_ENABLE_MODULES = YES;
				CLANG_ENABLE_OBJC_ARC = YES;
				CLANG_ENABLE_OBJC_WEAK = YES;
				CLANG_WARN_BLOCK_CAPTURE_AUTORELEASING = YES;
				CLANG_WARN_BOOL_CONVERSION = YES;
				CLANG_WARN_COMMA = YES;
				CLANG_WARN_CONSTANT_CONVERSION = YES;
				CLANG_WARN_DEPRECATED_OBJC_IMPLEMENTATIONS = YES;
				CLANG_WARN_DIRECT_OBJC_ISA_USAGE = YES_ERROR;
				CLANG_WARN_DOCUMENTATION_COMMENTS = YES;
				CLANG_WARN_EMPTY_BODY = YES;
				CLANG_WARN_ENUM_CONVERSION = YES;
				CLANG_WARN_INFINITE_RECURSION = YES;
				CLANG_WARN_INT_CONVERSION = YES;
				CLANG_WARN_NON_LITERAL_NULL_CONVERSION = YES;
				CLANG_WARN_OBJC_IMPLICIT_RETAIN_SELF = YES;
				CLANG_WARN_OBJC_LITERAL_CONVERSION = YES;
				CLANG_WARN_OBJC_ROOT_CLASS = YES_ERROR;
				CLANG_WARN_QUOTED_INCLUDE_IN_FRAMEWORK_HEADER = YES;
				CLANG_WARN_RANGE_LOOP_ANALYSIS = YES;
				CLANG_WARN_STRICT_PROTOTYPES = YES;
				CLANG_WARN_SUSPICIOUS_MOVE = YES;
				CLANG_WARN_UNGUARDED_AVAILABILITY = YES_AGGRESSIVE;
				CLANG_WARN_UNREACHABLE_CODE = YES;
				CLANG_WARN__DUPLICATE_METHOD_MATCH = YES;
				COPY_PHASE_STRIP = NO;
				DEBUG_INFORMATION_FORMAT = "dwarf-with-dsym";
				ENABLE_NS_ASSERTIONS = NO;
				ENABLE_STRICT_OBJC_MSGSEND = YES;
				GCC_C_LANGUAGE_STANDARD = gnu11;
				GCC_NO_COMMON_BLOCKS = YES;
				GCC_WARN_64_TO_32_BIT_CONVERSION = YES;
				GCC_WARN_ABOUT_RETURN_TYPE = YES_ERROR;
				GCC_WARN_UNDECLARED_SELECTOR = YES;
				GCC_WARN_UNINITIALIZED_AUTOS = YES_AGGRESSIVE;
				GCC_WARN_UNUSED_FUNCTION = YES;
				GCC_WARN_UNUSED_VARIABLE = YES;
				IPHONEOS_DEPLOYMENT_TARGET = 16.1;
				MTL_ENABLE_DEBUG_INFO = NO;
				MTL_FAST_MATH = YES;
				SDKROOT = iphoneos;
				SWIFT_COMPILATION_MODE = wholemodule;
				SWIFT_OPTIMIZATION_LEVEL = "-O";
				VALIDATE_PRODUCT = YES;
			};
			name = Release;
		};
		4C13A316293B97A100AEE561 /* Debug */ = {
			isa = XCBuildConfiguration;
			buildSettings = {
				ASSETCATALOG_COMPILER_APPICON_NAME = AppIcon;
				ASSETCATALOG_COMPILER_GLOBAL_ACCENT_COLOR_NAME = AccentColor;
				CODE_SIGN_STYLE = Automatic;
				CURRENT_PROJECT_VERSION = 1;
				DEVELOPMENT_ASSET_PATHS = "\"LensVrum/Preview Content\"";
				DEVELOPMENT_TEAM = 49UBR776XG;
				ENABLE_PREVIEWS = YES;
				GENERATE_INFOPLIST_FILE = YES;
				INFOPLIST_KEY_UIApplicationSceneManifest_Generation = YES;
				INFOPLIST_KEY_UIApplicationSupportsIndirectInputEvents = YES;
				INFOPLIST_KEY_UILaunchScreen_Generation = YES;
				INFOPLIST_KEY_UISupportedInterfaceOrientations_iPad = "UIInterfaceOrientationPortrait UIInterfaceOrientationPortraitUpsideDown UIInterfaceOrientationLandscapeLeft UIInterfaceOrientationLandscapeRight";
				INFOPLIST_KEY_UISupportedInterfaceOrientations_iPhone = "UIInterfaceOrientationPortrait UIInterfaceOrientationLandscapeLeft UIInterfaceOrientationLandscapeRight";
				LD_RUNPATH_SEARCH_PATHS = (
					"$(inherited)",
					"@executable_path/Frameworks",
				);
				MARKETING_VERSION = 1.0;
				PRODUCT_BUNDLE_IDENTIFIER = "Saarthak-Tuli.LensVrum";
				PRODUCT_NAME = "$(TARGET_NAME)";
				SWIFT_EMIT_LOC_STRINGS = YES;
				SWIFT_VERSION = 5.0;
				TARGETED_DEVICE_FAMILY = "1,2";
			};
			name = Debug;
		};
		4C13A317293B97A100AEE561 /* Release */ = {
			isa = XCBuildConfiguration;
			buildSettings = {
				ASSETCATALOG_COMPILER_APPICON_NAME = AppIcon;
				ASSETCATALOG_COMPILER_GLOBAL_ACCENT_COLOR_NAME = AccentColor;
				CODE_SIGN_STYLE = Automatic;
				CURRENT_PROJECT_VERSION = 1;
				DEVELOPMENT_ASSET_PATHS = "\"LensVrum/Preview Content\"";
				DEVELOPMENT_TEAM = 49UBR776XG;
				ENABLE_PREVIEWS = YES;
				GENERATE_INFOPLIST_FILE = YES;
				INFOPLIST_KEY_UIApplicationSceneManifest_Generation = YES;
				INFOPLIST_KEY_UIApplicationSupportsIndirectInputEvents = YES;
				INFOPLIST_KEY_UILaunchScreen_Generation = YES;
				INFOPLIST_KEY_UISupportedInterfaceOrientations_iPad = "UIInterfaceOrientationPortrait UIInterfaceOrientationPortraitUpsideDown UIInterfaceOrientationLandscapeLeft UIInterfaceOrientationLandscapeRight";
				INFOPLIST_KEY_UISupportedInterfaceOrientations_iPhone = "UIInterfaceOrientationPortrait UIInterfaceOrientationLandscapeLeft UIInterfaceOrientationLandscapeRight";
				LD_RUNPATH_SEARCH_PATHS = (
					"$(inherited)",
					"@executable_path/Frameworks",
				);
				MARKETING_VERSION = 1.0;
				PRODUCT_BUNDLE_IDENTIFIER = "Saarthak-Tuli.LensVrum";
				PRODUCT_NAME = "$(TARGET_NAME)";
				SWIFT_EMIT_LOC_STRINGS = YES;
				SWIFT_VERSION = 5.0;
				TARGETED_DEVICE_FAMILY = "1,2";
			};
			name = Release;
		};
/* End XCBuildConfiguration section */

/* Begin XCConfigurationList section */
		4C13A302293B979F00AEE561 /* Build configuration list for PBXProject "LensVrum" */ = {
			isa = XCConfigurationList;
			buildConfigurations = (
				4C13A313293B97A100AEE561 /* Debug */,
				4C13A314293B97A100AEE561 /* Release */,
			);
			defaultConfigurationIsVisible = 0;
			defaultConfigurationName = Release;
		};
		4C13A315293B97A100AEE561 /* Build configuration list for PBXNativeTarget "LensVrum" */ = {
			isa = XCConfigurationList;
			buildConfigurations = (
				4C13A316293B97A100AEE561 /* Debug */,
				4C13A317293B97A100AEE561 /* Release */,
			);
			defaultConfigurationIsVisible = 0;
			defaultConfigurationName = Release;
		};
/* End XCConfigurationList section */
	};
	rootObject = 4C13A2FF293B979F00AEE561 /* Project object */;
}
